// !$*UTF8*$!
{
	archiveVersion = 1;
	classes = {
	};
	objectVersion = 46;
	objects = {

/* Begin PBXBuildFile section */
		F11DA726134A14E200797005 /* Digits.m in Sources */ = {isa = PBXBuildFile; fileRef = F11DA725134A14E200797005 /* Digits.m */; };
		F12197421343BA6F00507A37 /* UIKit.framework in Frameworks */ = {isa = PBXBuildFile; fileRef = F1ADD8C9133E55830050EB59 /* UIKit.framework */; };
		F12197431343BA6F00507A37 /* Foundation.framework in Frameworks */ = {isa = PBXBuildFile; fileRef = F1ADD8CB133E55830050EB59 /* Foundation.framework */; };
		F12197441343BA6F00507A37 /* CoreGraphics.framework in Frameworks */ = {isa = PBXBuildFile; fileRef = F1ADD8CD133E55830050EB59 /* CoreGraphics.framework */; };
		F121974A1343BA6F00507A37 /* InfoPlist.strings in Resources */ = {isa = PBXBuildFile; fileRef = F12197481343BA6F00507A37 /* InfoPlist.strings */; };
		F121974D1343BA6F00507A37 /* LogicTests.h in Resources */ = {isa = PBXBuildFile; fileRef = F121974C1343BA6F00507A37 /* LogicTests.h */; };
		F121974F1343BA7000507A37 /* LogicTests.m in Sources */ = {isa = PBXBuildFile; fileRef = F121974E1343BA6F00507A37 /* LogicTests.m */; };
		F1273BFB134C8590004FA297 /* RationalDigits.m in Sources */ = {isa = PBXBuildFile; fileRef = F1273BFA134C8590004FA297 /* RationalDigits.m */; };
		F1273BFF134C86DD004FA297 /* FloatingDigits.m in Sources */ = {isa = PBXBuildFile; fileRef = F1273BFE134C86DD004FA297 /* FloatingDigits.m */; };
		F145DEDA134013FB00CCC887 /* CalcBrain.xcdatamodeld in Sources */ = {isa = PBXBuildFile; fileRef = F145DED8134013FB00CCC887 /* CalcBrain.xcdatamodeld */; };
		F15A0AF6135A655000058DB5 /* itoa.c in Sources */ = {isa = PBXBuildFile; fileRef = F15A0AF4135A655000058DB5 /* itoa.c */; };
		F1648E9B13415EBF004D0E12 /* AllYourBaseViewController.m in Sources */ = {isa = PBXBuildFile; fileRef = F1648E9913415EBF004D0E12 /* AllYourBaseViewController.m */; };
		F1893596134A423A00F805B0 /* DigitsTests.m in Sources */ = {isa = PBXBuildFile; fileRef = F1893595134A423A00F805B0 /* DigitsTests.m */; };
		F18B9AE613606C2900515CCF /* AllYourBaseViewController_iPad10a.xib in Resources */ = {isa = PBXBuildFile; fileRef = F18B9AE513606C2900515CCF /* AllYourBaseViewController_iPad10a.xib */; };
		F197BD7B13422BFD0056F74C /* AllYourBaseModel.m in Sources */ = {isa = PBXBuildFile; fileRef = F197BD7A13422BFD0056F74C /* AllYourBaseModel.m */; };
		F19FB2551359ECFF0076D882 /* FloatingDigitsTests.m in Sources */ = {isa = PBXBuildFile; fileRef = F19FB2521359EB8E0076D882 /* FloatingDigitsTests.m */; };
		F19FB260135A41F90076D882 /* AllYourBaseViewController_iPhone10a.xib in Resources */ = {isa = PBXBuildFile; fileRef = F19FB25F135A41F80076D882 /* AllYourBaseViewController_iPhone10a.xib */; };
		F1ADD8CA133E55830050EB59 /* UIKit.framework in Frameworks */ = {isa = PBXBuildFile; fileRef = F1ADD8C9133E55830050EB59 /* UIKit.framework */; };
		F1ADD8CC133E55830050EB59 /* Foundation.framework in Frameworks */ = {isa = PBXBuildFile; fileRef = F1ADD8CB133E55830050EB59 /* Foundation.framework */; };
		F1ADD8CE133E55830050EB59 /* CoreGraphics.framework in Frameworks */ = {isa = PBXBuildFile; fileRef = F1ADD8CD133E55830050EB59 /* CoreGraphics.framework */; };
		F1ADD8D4133E55830050EB59 /* InfoPlist.strings in Resources */ = {isa = PBXBuildFile; fileRef = F1ADD8D2133E55830050EB59 /* InfoPlist.strings */; };
		F1ADD8D7133E55830050EB59 /* main.m in Sources */ = {isa = PBXBuildFile; fileRef = F1ADD8D6133E55830050EB59 /* main.m */; };
		F1ADD8DA133E55830050EB59 /* AllYourBaseAppDelegate.m in Sources */ = {isa = PBXBuildFile; fileRef = F1ADD8D9133E55830050EB59 /* AllYourBaseAppDelegate.m */; };
		F1ADD8DE133E55830050EB59 /* AllYourBaseAppDelegate_iPhone.m in Sources */ = {isa = PBXBuildFile; fileRef = F1ADD8DD133E55830050EB59 /* AllYourBaseAppDelegate_iPhone.m */; };
		F1ADD8E1133E55830050EB59 /* MainWindow_iPhone.xib in Resources */ = {isa = PBXBuildFile; fileRef = F1ADD8DF133E55830050EB59 /* MainWindow_iPhone.xib */; };
		F1ADD8E5133E55830050EB59 /* AllYourBaseAppDelegate_iPad.m in Sources */ = {isa = PBXBuildFile; fileRef = F1ADD8E4133E55830050EB59 /* AllYourBaseAppDelegate_iPad.m */; };
		F1ADD8E8133E55830050EB59 /* MainWindow_iPad.xib in Resources */ = {isa = PBXBuildFile; fileRef = F1ADD8E6133E55830050EB59 /* MainWindow_iPad.xib */; };
		F1ADD8F1133E56440050EB59 /* AllYourBaseViewController_iPhone.m in Sources */ = {isa = PBXBuildFile; fileRef = F1ADD8EF133E56440050EB59 /* AllYourBaseViewController_iPhone.m */; };
		F1ADD8F2133E56440050EB59 /* AllYourBaseViewController_iPhone10.xib in Resources */ = {isa = PBXBuildFile; fileRef = F1ADD8F0133E56440050EB59 /* AllYourBaseViewController_iPhone10.xib */; };
		F1ADD8F6133E56720050EB59 /* AllYourBaseViewController_iPad.m in Sources */ = {isa = PBXBuildFile; fileRef = F1ADD8F4133E56720050EB59 /* AllYourBaseViewController_iPad.m */; };
		F1ADD8F7133E56720050EB59 /* AllYourBaseViewController_iPad10.xib in Resources */ = {isa = PBXBuildFile; fileRef = F1ADD8F5133E56720050EB59 /* AllYourBaseViewController_iPad10.xib */; };
		F1C7BF60135DD17E0055500F /* gcd.c in Sources */ = {isa = PBXBuildFile; fileRef = F1C7BF5E135DD17E0055500F /* gcd.c */; };
		F1EC2934133FFA3000E5C619 /* NKString.m in Sources */ = {isa = PBXBuildFile; fileRef = F1EC2933133FFA2F00E5C619 /* NKString.m */; };
/* End PBXBuildFile section */

/* Begin PBXContainerItemProxy section */
		F1D6C8571343DB7E00891EFF /* PBXContainerItemProxy */ = {
			isa = PBXContainerItemProxy;
			containerPortal = F1ADD8BC133E55830050EB59 /* Project object */;
			proxyType = 1;
			remoteGlobalIDString = F1ADD8C4133E55830050EB59;
			remoteInfo = AllYourBase;
		};
/* End PBXContainerItemProxy section */

/* Begin PBXFileReference section */
		F11DA724134A14E200797005 /* Digits.h */ = {isa = PBXFileReference; fileEncoding = 4; lastKnownFileType = sourcecode.c.h; path = Digits.h; sourceTree = "<group>"; };
		F11DA725134A14E200797005 /* Digits.m */ = {isa = PBXFileReference; fileEncoding = 4; lastKnownFileType = sourcecode.c.objc; path = Digits.m; sourceTree = "<group>"; };
		F12197411343BA6F00507A37 /* LogicTests.octest */ = {isa = PBXFileReference; explicitFileType = wrapper.cfbundle; includeInIndex = 0; path = LogicTests.octest; sourceTree = BUILT_PRODUCTS_DIR; };
		F12197471343BA6F00507A37 /* LogicTests-Info.plist */ = {isa = PBXFileReference; lastKnownFileType = text.plist.xml; path = "LogicTests-Info.plist"; sourceTree = "<group>"; };
		F12197491343BA6F00507A37 /* en */ = {isa = PBXFileReference; lastKnownFileType = text.plist.strings; name = en; path = en.lproj/InfoPlist.strings; sourceTree = "<group>"; };
		F121974B1343BA6F00507A37 /* LogicTests-Prefix.pch */ = {isa = PBXFileReference; lastKnownFileType = sourcecode.c.h; path = "LogicTests-Prefix.pch"; sourceTree = "<group>"; };
		F121974C1343BA6F00507A37 /* LogicTests.h */ = {isa = PBXFileReference; lastKnownFileType = sourcecode.c.h; path = LogicTests.h; sourceTree = "<group>"; };
		F121974E1343BA6F00507A37 /* LogicTests.m */ = {isa = PBXFileReference; lastKnownFileType = sourcecode.c.objc; path = LogicTests.m; sourceTree = "<group>"; };
		F1273BF9134C8590004FA297 /* RationalDigits.h */ = {isa = PBXFileReference; fileEncoding = 4; lastKnownFileType = sourcecode.c.h; path = RationalDigits.h; sourceTree = "<group>"; };
		F1273BFA134C8590004FA297 /* RationalDigits.m */ = {isa = PBXFileReference; fileEncoding = 4; lastKnownFileType = sourcecode.c.objc; path = RationalDigits.m; sourceTree = "<group>"; };
		F1273BFD134C86DD004FA297 /* FloatingDigits.h */ = {isa = PBXFileReference; fileEncoding = 4; lastKnownFileType = sourcecode.c.h; path = FloatingDigits.h; sourceTree = "<group>"; };
		F1273BFE134C86DD004FA297 /* FloatingDigits.m */ = {isa = PBXFileReference; fileEncoding = 4; lastKnownFileType = sourcecode.c.objc; path = FloatingDigits.m; sourceTree = "<group>"; };
		F145DED9134013FB00CCC887 /* CalcBrain.xcdatamodel */ = {isa = PBXFileReference; lastKnownFileType = wrapper.xcdatamodel; path = CalcBrain.xcdatamodel; sourceTree = "<group>"; };
		F15A0AF4135A655000058DB5 /* itoa.c */ = {isa = PBXFileReference; fileEncoding = 4; lastKnownFileType = sourcecode.c.c; path = itoa.c; sourceTree = "<group>"; };
		F15A0AF5135A655000058DB5 /* itoa.h */ = {isa = PBXFileReference; fileEncoding = 4; lastKnownFileType = sourcecode.c.h; path = itoa.h; sourceTree = "<group>"; };
		F1648E9913415EBF004D0E12 /* AllYourBaseViewController.m */ = {isa = PBXFileReference; fileEncoding = 4; lastKnownFileType = sourcecode.c.objc; path = AllYourBaseViewController.m; sourceTree = "<group>"; };
		F1648E9A13415EBF004D0E12 /* AllYourBaseViewController.h */ = {isa = PBXFileReference; fileEncoding = 4; lastKnownFileType = sourcecode.c.h; path = AllYourBaseViewController.h; sourceTree = "<group>"; };
		F1893594134A423A00F805B0 /* DigitsTests.h */ = {isa = PBXFileReference; fileEncoding = 4; lastKnownFileType = sourcecode.c.h; path = DigitsTests.h; sourceTree = "<group>"; };
		F1893595134A423A00F805B0 /* DigitsTests.m */ = {isa = PBXFileReference; fileEncoding = 4; lastKnownFileType = sourcecode.c.objc; lineEnding = 0; path = DigitsTests.m; sourceTree = "<group>"; xcLanguageSpecificationIdentifier = xcode.lang.objc; };
		F18B9AE513606C2900515CCF /* AllYourBaseViewController_iPad10a.xib */ = {isa = PBXFileReference; fileEncoding = 4; lastKnownFileType = file.xib; path = AllYourBaseViewController_iPad10a.xib; sourceTree = "<group>"; };
		F197BD7913422BFD0056F74C /* AllYourBaseModel.h */ = {isa = PBXFileReference; fileEncoding = 4; lastKnownFileType = sourcecode.c.h; path = AllYourBaseModel.h; sourceTree = "<group>"; };
		F197BD7A13422BFD0056F74C /* AllYourBaseModel.m */ = {isa = PBXFileReference; fileEncoding = 4; lastKnownFileType = sourcecode.c.objc; path = AllYourBaseModel.m; sourceTree = "<group>"; };
		F19FB2511359EB8E0076D882 /* FloatingDigitsTests.h */ = {isa = PBXFileReference; fileEncoding = 4; lastKnownFileType = sourcecode.c.h; path = FloatingDigitsTests.h; sourceTree = "<group>"; };
		F19FB2521359EB8E0076D882 /* FloatingDigitsTests.m */ = {isa = PBXFileReference; fileEncoding = 4; lastKnownFileType = sourcecode.c.objc; lineEnding = 0; path = FloatingDigitsTests.m; sourceTree = "<group>"; xcLanguageSpecificationIdentifier = xcode.lang.objc; };
		F19FB25F135A41F80076D882 /* AllYourBaseViewController_iPhone10a.xib */ = {isa = PBXFileReference; fileEncoding = 4; lastKnownFileType = file.xib; path = AllYourBaseViewController_iPhone10a.xib; sourceTree = "<group>"; };
		F1ADD8C5133E55830050EB59 /* AllYourBase.app */ = {isa = PBXFileReference; explicitFileType = wrapper.application; includeInIndex = 0; path = AllYourBase.app; sourceTree = BUILT_PRODUCTS_DIR; };
		F1ADD8C9133E55830050EB59 /* UIKit.framework */ = {isa = PBXFileReference; lastKnownFileType = wrapper.framework; name = UIKit.framework; path = System/Library/Frameworks/UIKit.framework; sourceTree = SDKROOT; };
		F1ADD8CB133E55830050EB59 /* Foundation.framework */ = {isa = PBXFileReference; lastKnownFileType = wrapper.framework; name = Foundation.framework; path = System/Library/Frameworks/Foundation.framework; sourceTree = SDKROOT; };
		F1ADD8CD133E55830050EB59 /* CoreGraphics.framework */ = {isa = PBXFileReference; lastKnownFileType = wrapper.framework; name = CoreGraphics.framework; path = System/Library/Frameworks/CoreGraphics.framework; sourceTree = SDKROOT; };
		F1ADD8D1133E55830050EB59 /* AllYourBase-Info.plist */ = {isa = PBXFileReference; lastKnownFileType = text.plist.xml; path = "AllYourBase-Info.plist"; sourceTree = "<group>"; };
		F1ADD8D3133E55830050EB59 /* en */ = {isa = PBXFileReference; lastKnownFileType = text.plist.strings; name = en; path = en.lproj/InfoPlist.strings; sourceTree = "<group>"; };
		F1ADD8D5133E55830050EB59 /* AllYourBase-Prefix.pch */ = {isa = PBXFileReference; lastKnownFileType = sourcecode.c.h; path = "AllYourBase-Prefix.pch"; sourceTree = "<group>"; };
		F1ADD8D6133E55830050EB59 /* main.m */ = {isa = PBXFileReference; lastKnownFileType = sourcecode.c.objc; path = main.m; sourceTree = "<group>"; };
		F1ADD8D8133E55830050EB59 /* AllYourBaseAppDelegate.h */ = {isa = PBXFileReference; lastKnownFileType = sourcecode.c.h; path = AllYourBaseAppDelegate.h; sourceTree = "<group>"; };
		F1ADD8D9133E55830050EB59 /* AllYourBaseAppDelegate.m */ = {isa = PBXFileReference; lastKnownFileType = sourcecode.c.objc; path = AllYourBaseAppDelegate.m; sourceTree = "<group>"; };
		F1ADD8DC133E55830050EB59 /* AllYourBaseAppDelegate_iPhone.h */ = {isa = PBXFileReference; lastKnownFileType = sourcecode.c.h; name = AllYourBaseAppDelegate_iPhone.h; path = iPhone/AllYourBaseAppDelegate_iPhone.h; sourceTree = "<group>"; };
		F1ADD8DD133E55830050EB59 /* AllYourBaseAppDelegate_iPhone.m */ = {isa = PBXFileReference; lastKnownFileType = sourcecode.c.objc; name = AllYourBaseAppDelegate_iPhone.m; path = iPhone/AllYourBaseAppDelegate_iPhone.m; sourceTree = "<group>"; };
		F1ADD8E0133E55830050EB59 /* en */ = {isa = PBXFileReference; lastKnownFileType = file.xib; name = en; path = iPhone/en.lproj/MainWindow_iPhone.xib; sourceTree = "<group>"; };
		F1ADD8E3133E55830050EB59 /* AllYourBaseAppDelegate_iPad.h */ = {isa = PBXFileReference; lastKnownFileType = sourcecode.c.h; name = AllYourBaseAppDelegate_iPad.h; path = iPad/AllYourBaseAppDelegate_iPad.h; sourceTree = "<group>"; };
		F1ADD8E4133E55830050EB59 /* AllYourBaseAppDelegate_iPad.m */ = {isa = PBXFileReference; lastKnownFileType = sourcecode.c.objc; name = AllYourBaseAppDelegate_iPad.m; path = iPad/AllYourBaseAppDelegate_iPad.m; sourceTree = "<group>"; };
		F1ADD8E7133E55830050EB59 /* en */ = {isa = PBXFileReference; lastKnownFileType = file.xib; name = en; path = iPad/en.lproj/MainWindow_iPad.xib; sourceTree = "<group>"; };
		F1ADD8EE133E56440050EB59 /* AllYourBaseViewController_iPhone.h */ = {isa = PBXFileReference; fileEncoding = 4; lastKnownFileType = sourcecode.c.h; path = AllYourBaseViewController_iPhone.h; sourceTree = "<group>"; };
		F1ADD8EF133E56440050EB59 /* AllYourBaseViewController_iPhone.m */ = {isa = PBXFileReference; fileEncoding = 4; lastKnownFileType = sourcecode.c.objc; path = AllYourBaseViewController_iPhone.m; sourceTree = "<group>"; };
		F1ADD8F0133E56440050EB59 /* AllYourBaseViewController_iPhone10.xib */ = {isa = PBXFileReference; fileEncoding = 4; lastKnownFileType = file.xib; path = AllYourBaseViewController_iPhone10.xib; sourceTree = "<group>"; };
		F1ADD8F3133E56720050EB59 /* AllYourBaseViewController_iPad.h */ = {isa = PBXFileReference; fileEncoding = 4; lastKnownFileType = sourcecode.c.h; path = AllYourBaseViewController_iPad.h; sourceTree = "<group>"; };
		F1ADD8F4133E56720050EB59 /* AllYourBaseViewController_iPad.m */ = {isa = PBXFileReference; fileEncoding = 4; lastKnownFileType = sourcecode.c.objc; path = AllYourBaseViewController_iPad.m; sourceTree = "<group>"; };
		F1ADD8F5133E56720050EB59 /* AllYourBaseViewController_iPad10.xib */ = {isa = PBXFileReference; fileEncoding = 4; lastKnownFileType = file.xib; path = AllYourBaseViewController_iPad10.xib; sourceTree = "<group>"; };
		F1C7BF5E135DD17E0055500F /* gcd.c */ = {isa = PBXFileReference; fileEncoding = 4; lastKnownFileType = sourcecode.c.c; path = gcd.c; sourceTree = "<group>"; };
		F1C7BF5F135DD17E0055500F /* gcd.h */ = {isa = PBXFileReference; fileEncoding = 4; lastKnownFileType = sourcecode.c.h; path = gcd.h; sourceTree = "<group>"; };
		F1EC2932133FFA2F00E5C619 /* NKString.h */ = {isa = PBXFileReference; fileEncoding = 4; lastKnownFileType = sourcecode.c.h; path = NKString.h; sourceTree = "<group>"; };
		F1EC2933133FFA2F00E5C619 /* NKString.m */ = {isa = PBXFileReference; fileEncoding = 4; lastKnownFileType = sourcecode.c.objc; path = NKString.m; sourceTree = "<group>"; };
/* End PBXFileReference section */

/* Begin PBXFrameworksBuildPhase section */
		F121973D1343BA6F00507A37 /* Frameworks */ = {
			isa = PBXFrameworksBuildPhase;
			buildActionMask = 2147483647;
			files = (
				F12197421343BA6F00507A37 /* UIKit.framework in Frameworks */,
				F12197431343BA6F00507A37 /* Foundation.framework in Frameworks */,
				F12197441343BA6F00507A37 /* CoreGraphics.framework in Frameworks */,
			);
			runOnlyForDeploymentPostprocessing = 0;
		};
		F1ADD8C2133E55830050EB59 /* Frameworks */ = {
			isa = PBXFrameworksBuildPhase;
			buildActionMask = 2147483647;
			files = (
				F1ADD8CA133E55830050EB59 /* UIKit.framework in Frameworks */,
				F1ADD8CC133E55830050EB59 /* Foundation.framework in Frameworks */,
				F1ADD8CE133E55830050EB59 /* CoreGraphics.framework in Frameworks */,
			);
			runOnlyForDeploymentPostprocessing = 0;
		};
/* End PBXFrameworksBuildPhase section */

/* Begin PBXGroup section */
		F12197451343BA6F00507A37 /* LogicTests */ = {
			isa = PBXGroup;
			children = (
				F1893594134A423A00F805B0 /* DigitsTests.h */,
				F1893595134A423A00F805B0 /* DigitsTests.m */,
				F19FB2511359EB8E0076D882 /* FloatingDigitsTests.h */,
				F19FB2521359EB8E0076D882 /* FloatingDigitsTests.m */,
				F121974C1343BA6F00507A37 /* LogicTests.h */,
				F121974E1343BA6F00507A37 /* LogicTests.m */,
				F12197461343BA6F00507A37 /* Supporting Files */,
			);
			path = LogicTests;
			sourceTree = "<group>";
		};
		F12197461343BA6F00507A37 /* Supporting Files */ = {
			isa = PBXGroup;
			children = (
				F12197471343BA6F00507A37 /* LogicTests-Info.plist */,
				F12197481343BA6F00507A37 /* InfoPlist.strings */,
				F121974B1343BA6F00507A37 /* LogicTests-Prefix.pch */,
			);
			name = "Supporting Files";
			sourceTree = "<group>";
		};
		F1ADD8BA133E55830050EB59 = {
			isa = PBXGroup;
			children = (
				F1ADD8CF133E55830050EB59 /* AllYourBase */,
				F12197451343BA6F00507A37 /* LogicTests */,
				F1ADD8C8133E55830050EB59 /* Frameworks */,
				F1ADD8C6133E55830050EB59 /* Products */,
			);
			sourceTree = "<group>";
		};
		F1ADD8C6133E55830050EB59 /* Products */ = {
			isa = PBXGroup;
			children = (
				F1ADD8C5133E55830050EB59 /* AllYourBase.app */,
				F12197411343BA6F00507A37 /* LogicTests.octest */,
			);
			name = Products;
			sourceTree = "<group>";
		};
		F1ADD8C8133E55830050EB59 /* Frameworks */ = {
			isa = PBXGroup;
			children = (
				F1ADD8C9133E55830050EB59 /* UIKit.framework */,
				F1ADD8CB133E55830050EB59 /* Foundation.framework */,
				F1ADD8CD133E55830050EB59 /* CoreGraphics.framework */,
			);
			name = Frameworks;
			sourceTree = "<group>";
		};
		F1ADD8CF133E55830050EB59 /* AllYourBase */ = {
			isa = PBXGroup;
			children = (
				F15A0AF4135A655000058DB5 /* itoa.c */,
				F15A0AF5135A655000058DB5 /* itoa.h */,
				F1C7BF5E135DD17E0055500F /* gcd.c */,
				F1C7BF5F135DD17E0055500F /* gcd.h */,
				F1EC2932133FFA2F00E5C619 /* NKString.h */,
				F1EC2933133FFA2F00E5C619 /* NKString.m */,
				F11DA724134A14E200797005 /* Digits.h */,
				F11DA725134A14E200797005 /* Digits.m */,
				F1273BF9134C8590004FA297 /* RationalDigits.h */,
				F1273BFA134C8590004FA297 /* RationalDigits.m */,
				F1273BFD134C86DD004FA297 /* FloatingDigits.h */,
				F1273BFE134C86DD004FA297 /* FloatingDigits.m */,
				F145DED8134013FB00CCC887 /* CalcBrain.xcdatamodeld */,
				F197BD7913422BFD0056F74C /* AllYourBaseModel.h */,
				F197BD7A13422BFD0056F74C /* AllYourBaseModel.m */,
				F1648E9A13415EBF004D0E12 /* AllYourBaseViewController.h */,
				F1648E9913415EBF004D0E12 /* AllYourBaseViewController.m */,
				F1ADD8D8133E55830050EB59 /* AllYourBaseAppDelegate.h */,
				F1ADD8D9133E55830050EB59 /* AllYourBaseAppDelegate.m */,
				F1ADD8DB133E55830050EB59 /* iPhone */,
				F1ADD8E2133E55830050EB59 /* iPad */,
				F1ADD8D0133E55830050EB59 /* Supporting Files */,
			);
			name = AllYourBase;
			path = HelloGoodbyeUniv;
			sourceTree = "<group>";
		};
		F1ADD8D0133E55830050EB59 /* Supporting Files */ = {
			isa = PBXGroup;
			children = (
				F1ADD8D1133E55830050EB59 /* AllYourBase-Info.plist */,
				F1ADD8D2133E55830050EB59 /* InfoPlist.strings */,
				F1ADD8D5133E55830050EB59 /* AllYourBase-Prefix.pch */,
				F1ADD8D6133E55830050EB59 /* main.m */,
			);
			name = "Supporting Files";
			sourceTree = "<group>";
		};
		F1ADD8DB133E55830050EB59 /* iPhone */ = {
			isa = PBXGroup;
			children = (
				F1ADD8EE133E56440050EB59 /* AllYourBaseViewController_iPhone.h */,
				F1ADD8EF133E56440050EB59 /* AllYourBaseViewController_iPhone.m */,
				F1ADD8F0133E56440050EB59 /* AllYourBaseViewController_iPhone10.xib */,
				F19FB25F135A41F80076D882 /* AllYourBaseViewController_iPhone10a.xib */,
				F1ADD8DC133E55830050EB59 /* AllYourBaseAppDelegate_iPhone.h */,
				F1ADD8DD133E55830050EB59 /* AllYourBaseAppDelegate_iPhone.m */,
				F1ADD8DF133E55830050EB59 /* MainWindow_iPhone.xib */,
			);
			name = iPhone;
			sourceTree = "<group>";
		};
		F1ADD8E2133E55830050EB59 /* iPad */ = {
			isa = PBXGroup;
			children = (
				F1ADD8F3133E56720050EB59 /* AllYourBaseViewController_iPad.h */,
				F1ADD8F4133E56720050EB59 /* AllYourBaseViewController_iPad.m */,
				F1ADD8F5133E56720050EB59 /* AllYourBaseViewController_iPad10.xib */,
				F18B9AE513606C2900515CCF /* AllYourBaseViewController_iPad10a.xib */,
				F1ADD8E3133E55830050EB59 /* AllYourBaseAppDelegate_iPad.h */,
				F1ADD8E4133E55830050EB59 /* AllYourBaseAppDelegate_iPad.m */,
				F1ADD8E6133E55830050EB59 /* MainWindow_iPad.xib */,
			);
			name = iPad;
			sourceTree = "<group>";
		};
/* End PBXGroup section */

/* Begin PBXNativeTarget section */
		F12197401343BA6F00507A37 /* LogicTests */ = {
			isa = PBXNativeTarget;
			buildConfigurationList = F12197501343BA7000507A37 /* Build configuration list for PBXNativeTarget "LogicTests" */;
			buildPhases = (
				F121973C1343BA6F00507A37 /* Sources */,
				F121973D1343BA6F00507A37 /* Frameworks */,
				F121973E1343BA6F00507A37 /* Resources */,
				F121973F1343BA6F00507A37 /* ShellScript */,
			);
			buildRules = (
			);
			dependencies = (
				F1D6C8581343DB7E00891EFF /* PBXTargetDependency */,
			);
			name = LogicTests;
			productName = LogicTests;
			productReference = F12197411343BA6F00507A37 /* LogicTests.octest */;
			productType = "com.apple.product-type.bundle";
		};
		F1ADD8C4133E55830050EB59 /* AllYourBase */ = {
			isa = PBXNativeTarget;
			buildConfigurationList = F1ADD8EB133E55830050EB59 /* Build configuration list for PBXNativeTarget "AllYourBase" */;
			buildPhases = (
				F1ADD8C1133E55830050EB59 /* Sources */,
				F1ADD8C2133E55830050EB59 /* Frameworks */,
				F1ADD8C3133E55830050EB59 /* Resources */,
			);
			buildRules = (
			);
			dependencies = (
			);
			name = AllYourBase;
			productName = HelloGoodbyeUniv;
			productReference = F1ADD8C5133E55830050EB59 /* AllYourBase.app */;
			productType = "com.apple.product-type.application";
		};
/* End PBXNativeTarget section */

/* Begin PBXProject section */
		F1ADD8BC133E55830050EB59 /* Project object */ = {
			isa = PBXProject;
			attributes = {
				ORGANIZATIONNAME = notknot;
			};
			buildConfigurationList = F1ADD8BF133E55830050EB59 /* Build configuration list for PBXProject "AllYourBase" */;
			compatibilityVersion = "Xcode 3.2";
			developmentRegion = English;
			hasScannedForEncodings = 0;
			knownRegions = (
				en,
			);
			mainGroup = F1ADD8BA133E55830050EB59;
			productRefGroup = F1ADD8C6133E55830050EB59 /* Products */;
			projectDirPath = "";
			projectRoot = "";
			targets = (
				F1ADD8C4133E55830050EB59 /* AllYourBase */,
				F12197401343BA6F00507A37 /* LogicTests */,
			);
		};
/* End PBXProject section */

/* Begin PBXResourcesBuildPhase section */
		F121973E1343BA6F00507A37 /* Resources */ = {
			isa = PBXResourcesBuildPhase;
			buildActionMask = 2147483647;
			files = (
				F121974A1343BA6F00507A37 /* InfoPlist.strings in Resources */,
				F121974D1343BA6F00507A37 /* LogicTests.h in Resources */,
			);
			runOnlyForDeploymentPostprocessing = 0;
		};
		F1ADD8C3133E55830050EB59 /* Resources */ = {
			isa = PBXResourcesBuildPhase;
			buildActionMask = 2147483647;
			files = (
				F1ADD8D4133E55830050EB59 /* InfoPlist.strings in Resources */,
				F1ADD8E1133E55830050EB59 /* MainWindow_iPhone.xib in Resources */,
				F1ADD8E8133E55830050EB59 /* MainWindow_iPad.xib in Resources */,
				F1ADD8F2133E56440050EB59 /* AllYourBaseViewController_iPhone10.xib in Resources */,
				F1ADD8F7133E56720050EB59 /* AllYourBaseViewController_iPad10.xib in Resources */,
				F19FB260135A41F90076D882 /* AllYourBaseViewController_iPhone10a.xib in Resources */,
				F18B9AE613606C2900515CCF /* AllYourBaseViewController_iPad10a.xib in Resources */,
			);
			runOnlyForDeploymentPostprocessing = 0;
		};
/* End PBXResourcesBuildPhase section */

/* Begin PBXShellScriptBuildPhase section */
		F121973F1343BA6F00507A37 /* ShellScript */ = {
			isa = PBXShellScriptBuildPhase;
			buildActionMask = 2147483647;
			files = (
			);
			inputPaths = (
			);
			outputPaths = (
			);
			runOnlyForDeploymentPostprocessing = 0;
			shellPath = /bin/sh;
			shellScript = "# Run the unit tests in this test bundle.\n\"${SYSTEM_DEVELOPER_DIR}/Tools/RunUnitTests\"\n";
		};
/* End PBXShellScriptBuildPhase section */

/* Begin PBXSourcesBuildPhase section */
		F121973C1343BA6F00507A37 /* Sources */ = {
			isa = PBXSourcesBuildPhase;
			buildActionMask = 2147483647;
			files = (
				F19FB2551359ECFF0076D882 /* FloatingDigitsTests.m in Sources */,
				F121974F1343BA7000507A37 /* LogicTests.m in Sources */,
				F1893596134A423A00F805B0 /* DigitsTests.m in Sources */,
			);
			runOnlyForDeploymentPostprocessing = 0;
		};
		F1ADD8C1133E55830050EB59 /* Sources */ = {
			isa = PBXSourcesBuildPhase;
			buildActionMask = 2147483647;
			files = (
				F1ADD8D7133E55830050EB59 /* main.m in Sources */,
				F1ADD8DA133E55830050EB59 /* AllYourBaseAppDelegate.m in Sources */,
				F1ADD8DE133E55830050EB59 /* AllYourBaseAppDelegate_iPhone.m in Sources */,
				F1ADD8E5133E55830050EB59 /* AllYourBaseAppDelegate_iPad.m in Sources */,
				F1ADD8F1133E56440050EB59 /* AllYourBaseViewController_iPhone.m in Sources */,
				F1ADD8F6133E56720050EB59 /* AllYourBaseViewController_iPad.m in Sources */,
				F1EC2934133FFA3000E5C619 /* NKString.m in Sources */,
				F145DEDA134013FB00CCC887 /* CalcBrain.xcdatamodeld in Sources */,
				F1648E9B13415EBF004D0E12 /* AllYourBaseViewController.m in Sources */,
				F197BD7B13422BFD0056F74C /* AllYourBaseModel.m in Sources */,
				F11DA726134A14E200797005 /* Digits.m in Sources */,
				F1273BFB134C8590004FA297 /* RationalDigits.m in Sources */,
				F1273BFF134C86DD004FA297 /* FloatingDigits.m in Sources */,
				F15A0AF6135A655000058DB5 /* itoa.c in Sources */,
				F1C7BF60135DD17E0055500F /* gcd.c in Sources */,
			);
			runOnlyForDeploymentPostprocessing = 0;
		};
/* End PBXSourcesBuildPhase section */

/* Begin PBXTargetDependency section */
		F1D6C8581343DB7E00891EFF /* PBXTargetDependency */ = {
			isa = PBXTargetDependency;
			target = F1ADD8C4133E55830050EB59 /* AllYourBase */;
			targetProxy = F1D6C8571343DB7E00891EFF /* PBXContainerItemProxy */;
		};
/* End PBXTargetDependency section */

/* Begin PBXVariantGroup section */
		F12197481343BA6F00507A37 /* InfoPlist.strings */ = {
			isa = PBXVariantGroup;
			children = (
				F12197491343BA6F00507A37 /* en */,
			);
			name = InfoPlist.strings;
			sourceTree = "<group>";
		};
		F1ADD8D2133E55830050EB59 /* InfoPlist.strings */ = {
			isa = PBXVariantGroup;
			children = (
				F1ADD8D3133E55830050EB59 /* en */,
			);
			name = InfoPlist.strings;
			sourceTree = "<group>";
		};
		F1ADD8DF133E55830050EB59 /* MainWindow_iPhone.xib */ = {
			isa = PBXVariantGroup;
			children = (
				F1ADD8E0133E55830050EB59 /* en */,
			);
			name = MainWindow_iPhone.xib;
			sourceTree = "<group>";
		};
		F1ADD8E6133E55830050EB59 /* MainWindow_iPad.xib */ = {
			isa = PBXVariantGroup;
			children = (
				F1ADD8E7133E55830050EB59 /* en */,
			);
			name = MainWindow_iPad.xib;
			sourceTree = "<group>";
		};
/* End PBXVariantGroup section */

/* Begin XCBuildConfiguration section */
		F12197511343BA7000507A37 /* Debug */ = {
			isa = XCBuildConfiguration;
			buildSettings = {
				ALWAYS_SEARCH_USER_PATHS = NO;
				BUNDLE_LOADER = "$(BUILT_PRODUCTS_DIR)/AllYourBase.app/AllYourBase";
				FRAMEWORK_SEARCH_PATHS = (
					"$(SDKROOT)/Developer/Library/Frameworks",
					"$(DEVELOPER_LIBRARY_DIR)/Frameworks",
				);
				GCC_PRECOMPILE_PREFIX_HEADER = YES;
				GCC_PREFIX_HEADER = "LogicTests/LogicTests-Prefix.pch";
				INFOPLIST_FILE = "LogicTests/LogicTests-Info.plist";
				OTHER_LDFLAGS = (
					"-framework",
					SenTestingKit,
				);
				PRODUCT_NAME = "$(TARGET_NAME)";
				TEST_HOST = "$(BUNDLE_LOADER)";
				WRAPPER_EXTENSION = octest;
			};
			name = Debug;
		};
		F12197521343BA7000507A37 /* Release */ = {
			isa = XCBuildConfiguration;
			buildSettings = {
				ALWAYS_SEARCH_USER_PATHS = NO;
				BUNDLE_LOADER = "$(BUILT_PRODUCTS_DIR)/AllYourBase.app/AllYourBase";
				FRAMEWORK_SEARCH_PATHS = (
					"$(SDKROOT)/Developer/Library/Frameworks",
					"$(DEVELOPER_LIBRARY_DIR)/Frameworks",
				);
				GCC_PRECOMPILE_PREFIX_HEADER = YES;
				GCC_PREFIX_HEADER = "LogicTests/LogicTests-Prefix.pch";
				INFOPLIST_FILE = "LogicTests/LogicTests-Info.plist";
				OTHER_LDFLAGS = (
					"-framework",
					SenTestingKit,
				);
				PRODUCT_NAME = "$(TARGET_NAME)";
				TEST_HOST = "$(BUNDLE_LOADER)";
				WRAPPER_EXTENSION = octest;
			};
			name = Release;
		};
		F1ADD8E9133E55830050EB59 /* Debug */ = {
			isa = XCBuildConfiguration;
			buildSettings = {
				ARCHS = "$(ARCHS_STANDARD_32_BIT)";
				"CODE_SIGN_IDENTITY[sdk=iphoneos*]" = "iPhone Developer";
				GCC_C_LANGUAGE_STANDARD = gnu99;
				GCC_OPTIMIZATION_LEVEL = 0;
				GCC_PREPROCESSOR_DEFINITIONS = DEBUG;
				GCC_SYMBOLS_PRIVATE_EXTERN = NO;
				GCC_VERSION = com.apple.compilers.llvmgcc42;
				GCC_WARN_ABOUT_RETURN_TYPE = YES;
				GCC_WARN_UNUSED_VARIABLE = YES;
				IPHONEOS_DEPLOYMENT_TARGET = 4.2;
				SDKROOT = iphoneos;
				TARGETED_DEVICE_FAMILY = "1,2";
			};
			name = Debug;
		};
		F1ADD8EA133E55830050EB59 /* Release */ = {
			isa = XCBuildConfiguration;
			buildSettings = {
				ARCHS = "$(ARCHS_STANDARD_32_BIT)";
				"CODE_SIGN_IDENTITY[sdk=iphoneos*]" = "iPhone Developer";
				GCC_C_LANGUAGE_STANDARD = gnu99;
				GCC_VERSION = com.apple.compilers.llvmgcc42;
				GCC_WARN_ABOUT_RETURN_TYPE = YES;
				GCC_WARN_UNUSED_VARIABLE = YES;
				IPHONEOS_DEPLOYMENT_TARGET = 4.2;
				OTHER_CFLAGS = "-DNS_BLOCK_ASSERTIONS=1";
				SDKROOT = iphoneos;
				TARGETED_DEVICE_FAMILY = "1,2";
			};
			name = Release;
		};
		F1ADD8EC133E55830050EB59 /* Debug */ = {
			isa = XCBuildConfiguration;
			buildSettings = {
				ALWAYS_SEARCH_USER_PATHS = NO;
				COPY_PHASE_STRIP = NO;
				GCC_DYNAMIC_NO_PIC = NO;
				GCC_PRECOMPILE_PREFIX_HEADER = YES;
				GCC_PREFIX_HEADER = "HelloGoodbyeUniv/AllYourBase-Prefix.pch";
				INFOPLIST_FILE = "HelloGoodbyeUniv/AllYourBase-Info.plist";
				PRODUCT_NAME = AllYourBase;
				WRAPPER_EXTENSION = app;
			};
			name = Debug;
		};
		F1ADD8ED133E55830050EB59 /* Release */ = {
			isa = XCBuildConfiguration;
			buildSettings = {
				ALWAYS_SEARCH_USER_PATHS = NO;
				COPY_PHASE_STRIP = YES;
				GCC_PRECOMPILE_PREFIX_HEADER = YES;
				GCC_PREFIX_HEADER = "HelloGoodbyeUniv/AllYourBase-Prefix.pch";
				INFOPLIST_FILE = "HelloGoodbyeUniv/AllYourBase-Info.plist";
				PRODUCT_NAME = AllYourBase;
				VALIDATE_PRODUCT = YES;
				WRAPPER_EXTENSION = app;
			};
			name = Release;
		};
/* End XCBuildConfiguration section */

/* Begin XCConfigurationList section */
		F12197501343BA7000507A37 /* Build configuration list for PBXNativeTarget "LogicTests" */ = {
			isa = XCConfigurationList;
			buildConfigurations = (
				F12197511343BA7000507A37 /* Debug */,
				F12197521343BA7000507A37 /* Release */,
			);
			defaultConfigurationIsVisible = 0;
			defaultConfigurationName = Release;
		};
		F1ADD8BF133E55830050EB59 /* Build configuration list for PBXProject "AllYourBase" */ = {
			isa = XCConfigurationList;
			buildConfigurations = (
				F1ADD8E9133E55830050EB59 /* Debug */,
				F1ADD8EA133E55830050EB59 /* Release */,
			);
			defaultConfigurationIsVisible = 0;
			defaultConfigurationName = Release;
		};
		F1ADD8EB133E55830050EB59 /* Build configuration list for PBXNativeTarget "AllYourBase" */ = {
			isa = XCConfigurationList;
			buildConfigurations = (
				F1ADD8EC133E55830050EB59 /* Debug */,
				F1ADD8ED133E55830050EB59 /* Release */,
			);
			defaultConfigurationIsVisible = 0;
			defaultConfigurationName = Release;
		};
/* End XCConfigurationList section */

/* Begin XCVersionGroup section */
		F145DED8134013FB00CCC887 /* CalcBrain.xcdatamodeld */ = {
			isa = XCVersionGroup;
			children = (
				F145DED9134013FB00CCC887 /* CalcBrain.xcdatamodel */,
			);
			currentVersion = F145DED9134013FB00CCC887 /* CalcBrain.xcdatamodel */;
			path = CalcBrain.xcdatamodeld;
			sourceTree = "<group>";
			versionGroupType = wrapper.xcdatamodel;
		};
/* End XCVersionGroup section */
	};
	rootObject = F1ADD8BC133E55830050EB59 /* Project object */;
}
